
Microsoft Visual Studio Solution File, Format Version 12.00
# Visual Studio Version 17
VisualStudioVersion = 17.0.31903.59
MinimumVisualStudioVersion = 10.0.40219.1
Project("{FAE04EC0-301F-11D3-BF4B-00C04F79EFBC}") = "Sort", "Sort\Sort.csproj", "{FD23485C-2697-4C94-B8F5-40EE4CE68AB1}"
EndProject
Global
	GlobalSection(SolutionConfigurationPlatforms) = preSolution
		Debug|Any CPU = Debug|Any CPU
		Release|Any CPU = Release|Any CPU
	EndGlobalSection
	GlobalSection(SolutionProperties) = preSolution
		HideSolutionNode = FALSE
	EndGlobalSection
	GlobalSection(ProjectConfigurationPlatforms) = postSolution
		{FD23485C-2697-4C94-B8F5-40EE4CE68AB1}.Debug|Any CPU.ActiveCfg = Debug|Any CPU
		{FD23485C-2697-4C94-B8F5-40EE4CE68AB1}.Debug|Any CPU.Build.0 = Debug|Any CPU
		{FD23485C-2697-4C94-B8F5-40EE4CE68AB1}.Release|Any CPU.ActiveCfg = Release|Any CPU
		{FD23485C-2697-4C94-B8F5-40EE4CE68AB1}.Release|Any CPU.Build.0 = Release|Any CPU
	EndGlobalSection
EndGlobal
